
Microsoft Visual Studio Solution File, Format Version 12.00
# Visual Studio Version 17
VisualStudioVersion = 17.5.33424.131
MinimumVisualStudioVersion = 10.0.40219.1
Project("{FAE04EC0-301F-11D3-BF4B-00C04F79EFBC}") = "UHF_Desk", "UHF_Desk.csproj", "{0F85B39C-3639-4265-A98A-26A5D962A903}"
EndProject
Global
	GlobalSection(SolutionConfigurationPlatforms) = preSolution
		Debug|Any CPU = Debug|Any CPU
		Release|Any CPU = Release|Any CPU
	EndGlobalSection
	GlobalSection(ProjectConfigurationPlatforms) = postSolution
		{0F85B39C-3639-4265-A98A-26A5D962A903}.Debug|Any CPU.ActiveCfg = Debug|Any CPU
		{0F85B39C-3639-4265-A98A-26A5D962A903}.Debug|Any CPU.Build.0 = Debug|Any CPU
		{0F85B39C-3639-4265-A98A-26A5D962A903}.Release|Any CPU.ActiveCfg = Release|Any CPU
		{0F85B39C-3639-4265-A98A-26A5D962A903}.Release|Any CPU.Build.0 = Release|Any CPU
	EndGlobalSection
	GlobalSection(SolutionProperties) = preSolution
		HideSolutionNode = FALSE
	EndGlobalSection
	GlobalSection(ExtensibilityGlobals) = postSolution
		SolutionGuid = {489196E0-D4A0-4AA4-8186-0B883D4ED58F}
	EndGlobalSection
EndGlobal
